
Microsoft Visual Studio Solution File, Format Version 12.00
# Visual Studio 2013
VisualStudioVersion = 12.0.30723.0
MinimumVisualStudioVersion = 10.0.40219.1
Project("{FAE04EC0-301F-11D3-BF4B-00C04F79EFBC}") = "Lisa.Raven.Validator", "Validator\Lisa.Raven.Validator\Lisa.Raven.Validator.csproj", "{8B94DC35-18FC-4C21-B455-3DC289419EB5}"
EndProject
Project("{2150E333-8FDC-42A3-9474-1A3956D46DE8}") = "Validator", "Validator", "{50099471-2DEE-4C17-8C4F-C113656944F4}"
EndProject
Project("{2150E333-8FDC-42A3-9474-1A3956D46DE8}") = ".nuget", ".nuget", "{F540B216-FD13-4BBE-890D-17BCE019F0C4}"
	ProjectSection(SolutionItems) = preProject
		.nuget\NuGet.Config = .nuget\NuGet.Config
		.nuget\NuGet.exe = .nuget\NuGet.exe
		.nuget\NuGet.targets = .nuget\NuGet.targets
	EndProjectSection
EndProject
Project("{2150E333-8FDC-42A3-9474-1A3956D46DE8}") = "Checkers", "Checkers", "{1850736C-E43A-45E9-B318-3B911A3992D0}"
EndProject
Project("{FAE04EC0-301F-11D3-BF4B-00C04F79EFBC}") = "Lisa.Raven.Checkers.DefaultCheckers", "Checkers\Lisa.Raven.Checkers.DefaultCheckers\Lisa.Raven.Checkers.DefaultCheckers.csproj", "{32ACF194-AF1B-4488-A25C-D7D48E8511C5}"
EndProject
Project("{FAE04EC0-301F-11D3-BF4B-00C04F79EFBC}") = "Lisa.Raven.Parser", "Lisa.Raven.Parser\Lisa.Raven.Parser.csproj", "{2216678A-1952-4BFE-82E8-6742F9E707A6}"
EndProject
Project("{FAE04EC0-301F-11D3-BF4B-00C04F79EFBC}") = "Lisa.Raven", "Lisa.Raven\Lisa.Raven.csproj", "{070F1F9D-C3AF-42A5-BD6A-53636528ED48}"
EndProject
Project("{FAE04EC0-301F-11D3-BF4B-00C04F79EFBC}") = "Lisa.Raven.Validator.Web", "Validator\Lisa.Raven.Validator.Web\Lisa.Raven.Validator.Web.csproj", "{0618B6A5-4230-49AB-BAE0-E6E06632D4DB}"
EndProject
Project("{FAE04EC0-301F-11D3-BF4B-00C04F79EFBC}") = "Lisa.Raven.Validator.MetaData", "Validator\Lisa.Raven.Validator.MetaData\Lisa.Raven.Validator.MetaData.csproj", "{E144DE86-AA52-404B-B9A0-D35D83EEBD13}"
EndProject
Global
	GlobalSection(SolutionConfigurationPlatforms) = preSolution
		Debug|Any CPU = Debug|Any CPU
		Release|Any CPU = Release|Any CPU
	EndGlobalSection
	GlobalSection(ProjectConfigurationPlatforms) = postSolution
		{8B94DC35-18FC-4C21-B455-3DC289419EB5}.Debug|Any CPU.ActiveCfg = Debug|Any CPU
		{8B94DC35-18FC-4C21-B455-3DC289419EB5}.Debug|Any CPU.Build.0 = Debug|Any CPU
		{8B94DC35-18FC-4C21-B455-3DC289419EB5}.Release|Any CPU.ActiveCfg = Release|Any CPU
		{8B94DC35-18FC-4C21-B455-3DC289419EB5}.Release|Any CPU.Build.0 = Release|Any CPU
		{32ACF194-AF1B-4488-A25C-D7D48E8511C5}.Debug|Any CPU.ActiveCfg = Debug|Any CPU
		{32ACF194-AF1B-4488-A25C-D7D48E8511C5}.Debug|Any CPU.Build.0 = Debug|Any CPU
		{32ACF194-AF1B-4488-A25C-D7D48E8511C5}.Release|Any CPU.ActiveCfg = Release|Any CPU
		{32ACF194-AF1B-4488-A25C-D7D48E8511C5}.Release|Any CPU.Build.0 = Release|Any CPU
		{2216678A-1952-4BFE-82E8-6742F9E707A6}.Debug|Any CPU.ActiveCfg = Debug|Any CPU
		{2216678A-1952-4BFE-82E8-6742F9E707A6}.Debug|Any CPU.Build.0 = Debug|Any CPU
		{2216678A-1952-4BFE-82E8-6742F9E707A6}.Release|Any CPU.ActiveCfg = Release|Any CPU
		{2216678A-1952-4BFE-82E8-6742F9E707A6}.Release|Any CPU.Build.0 = Release|Any CPU
		{070F1F9D-C3AF-42A5-BD6A-53636528ED48}.Debug|Any CPU.ActiveCfg = Debug|Any CPU
		{070F1F9D-C3AF-42A5-BD6A-53636528ED48}.Debug|Any CPU.Build.0 = Debug|Any CPU
		{070F1F9D-C3AF-42A5-BD6A-53636528ED48}.Release|Any CPU.ActiveCfg = Release|Any CPU
		{070F1F9D-C3AF-42A5-BD6A-53636528ED48}.Release|Any CPU.Build.0 = Release|Any CPU
		{0618B6A5-4230-49AB-BAE0-E6E06632D4DB}.Debug|Any CPU.ActiveCfg = Debug|Any CPU
		{0618B6A5-4230-49AB-BAE0-E6E06632D4DB}.Debug|Any CPU.Build.0 = Debug|Any CPU
		{0618B6A5-4230-49AB-BAE0-E6E06632D4DB}.Release|Any CPU.ActiveCfg = Release|Any CPU
		{0618B6A5-4230-49AB-BAE0-E6E06632D4DB}.Release|Any CPU.Build.0 = Release|Any CPU
		{E144DE86-AA52-404B-B9A0-D35D83EEBD13}.Debug|Any CPU.ActiveCfg = Debug|Any CPU
		{E144DE86-AA52-404B-B9A0-D35D83EEBD13}.Debug|Any CPU.Build.0 = Debug|Any CPU
		{E144DE86-AA52-404B-B9A0-D35D83EEBD13}.Release|Any CPU.ActiveCfg = Release|Any CPU
		{E144DE86-AA52-404B-B9A0-D35D83EEBD13}.Release|Any CPU.Build.0 = Release|Any CPU
	EndGlobalSection
	GlobalSection(SolutionProperties) = preSolution
		HideSolutionNode = FALSE
	EndGlobalSection
	GlobalSection(NestedProjects) = preSolution
		{8B94DC35-18FC-4C21-B455-3DC289419EB5} = {50099471-2DEE-4C17-8C4F-C113656944F4}
		{32ACF194-AF1B-4488-A25C-D7D48E8511C5} = {1850736C-E43A-45E9-B318-3B911A3992D0}
		{0618B6A5-4230-49AB-BAE0-E6E06632D4DB} = {50099471-2DEE-4C17-8C4F-C113656944F4}
		{E144DE86-AA52-404B-B9A0-D35D83EEBD13} = {50099471-2DEE-4C17-8C4F-C113656944F4}
	EndGlobalSection
EndGlobal
